
Microsoft Visual Studio Solution File, Format Version 12.00
# Visual Studio Version 16
VisualStudioVersion = 16.0.32510.428
MinimumVisualStudioVersion = 10.0.40219.1
Project("{FAE04EC0-301F-11D3-BF4B-00C04F79EFBC}") = "ConsoleApp1", "ConsoleApp1\ConsoleApp1.csproj", "{DC617050-9DEE-4544-B039-C9933D71A0FE}"
EndProject
Global
	GlobalSection(SolutionConfigurationPlatforms) = preSolution
		Debug|Any CPU = Debug|Any CPU
		Release|Any CPU = Release|Any CPU
	EndGlobalSection
	GlobalSection(ProjectConfigurationPlatforms) = postSolution
		{DC617050-9DEE-4544-B039-C9933D71A0FE}.Debug|Any CPU.ActiveCfg = Debug|Any CPU
		{DC617050-9DEE-4544-B039-C9933D71A0FE}.Debug|Any CPU.Build.0 = Debug|Any CPU
		{DC617050-9DEE-4544-B039-C9933D71A0FE}.Release|Any CPU.ActiveCfg = Release|Any CPU
		{DC617050-9DEE-4544-B039-C9933D71A0FE}.Release|Any CPU.Build.0 = Release|Any CPU
	EndGlobalSection
	GlobalSection(SolutionProperties) = preSolution
		HideSolutionNode = FALSE
	EndGlobalSection
	GlobalSection(ExtensibilityGlobals) = postSolution
		SolutionGuid = {D14B9DD4-1A03-46F8-AF55-DCFE77DC2674}
	EndGlobalSection
EndGlobal
